// !$*UTF8*$!
{
	archiveVersion = 1;
	classes = {
	};
	objectVersion = 56;
	objects = {

/* Begin PBXBuildFile section */
		540924C82D23D723002A8B9B /* ModaDidKey.swift in Sources */ = {isa = PBXBuildFile; fileRef = 540924C72D23D723002A8B9B /* ModaDidKey.swift */; };
		540B22912D34DFC700B20006 /* JWSCreator.swift in Sources */ = {isa = PBXBuildFile; fileRef = 540B22902D34DFC700B20006 /* JWSCreator.swift */; };
		543F48AE2CFD977E008F08A6 /* FrameworkLoader.swift in Sources */ = {isa = PBXBuildFile; fileRef = 543F48AD2CFD977E008F08A6 /* FrameworkLoader.swift */; };
		5450C97C2D7AF7AA004359E8 /* TokenSDKManager.swift in Sources */ = {isa = PBXBuildFile; fileRef = 5450C97B2D7AF7AA004359E8 /* TokenSDKManager.swift */; };
		545233DB2CDCA69D00F99979 /* ErrorManager.swift in Sources */ = {isa = PBXBuildFile; fileRef = 545233DA2CDCA69D00F99979 /* ErrorManager.swift */; };
		545233DD2CDCA6DD00F99979 /* PrintPro.swift in Sources */ = {isa = PBXBuildFile; fileRef = 545233DC2CDCA6DD00F99979 /* PrintPro.swift */; };
		54A8B9052CC0F1540058A11F /* moda_digitalwallet_holder_sdk.h in Headers */ = {isa = PBXBuildFile; fileRef = 54A8B9042CC0F1540058A11F /* moda_digitalwallet_holder_sdk.h */; settings = {ATTRIBUTES = (Public, ); }; };
		54B5DE002D2BA629002AD3F9 /* PlatformDIDKey.swift in Sources */ = {isa = PBXBuildFile; fileRef = 54B5DDFF2D2BA629002AD3F9 /* PlatformDIDKey.swift */; };
		54BE97722CDDED5C00829A48 /* GeneralErrorMessages.swift in Sources */ = {isa = PBXBuildFile; fileRef = 54BE97712CDDED5C00829A48 /* GeneralErrorMessages.swift */; };
		54DEADAD2D9127D7001CF05E /* JWKComparer.swift in Sources */ = {isa = PBXBuildFile; fileRef = 54DEADAC2D9127D7001CF05E /* JWKComparer.swift */; };
		54E67D7B2CC0F96D00EB241D /* moda_digitalwallet_holder_sdk.swift in Sources */ = {isa = PBXBuildFile; fileRef = 54E67D7A2CC0F96D00EB241D /* moda_digitalwallet_holder_sdk.swift */; };
		54EE44D42CC63B2F00A1A75E /* Data_Extension.swift in Sources */ = {isa = PBXBuildFile; fileRef = 54EE44D32CC63B2F00A1A75E /* Data_Extension.swift */; };
		54EE45452CC78AB200A1A75E /* String_Extension.swift in Sources */ = {isa = PBXBuildFile; fileRef = 54EE45442CC78AB200A1A75E /* String_Extension.swift */; };
		BDD98FB02D3F8149008573AE /* Flutter.framework in Frameworks */ = {isa = PBXBuildFile; fileRef = BDD98FAF2D3F8149008573AE /* Flutter.framework */; platformFilter = ios; };
/* End PBXBuildFile section */

/* Begin PBXFileReference section */
		540924C72D23D723002A8B9B /* ModaDidKey.swift */ = {isa = PBXFileReference; fileEncoding = 4; lastKnownFileType = sourcecode.swift; path = ModaDidKey.swift; sourceTree = "<group>"; };
		540B22902D34DFC700B20006 /* JWSCreator.swift */ = {isa = PBXFileReference; fileEncoding = 4; lastKnownFileType = sourcecode.swift; path = JWSCreator.swift; sourceTree = "<group>"; };
		543F48AD2CFD977E008F08A6 /* FrameworkLoader.swift */ = {isa = PBXFileReference; fileEncoding = 4; lastKnownFileType = sourcecode.swift; path = FrameworkLoader.swift; sourceTree = "<group>"; };
		5450C97B2D7AF7AA004359E8 /* TokenSDKManager.swift */ = {isa = PBXFileReference; lastKnownFileType = sourcecode.swift; path = TokenSDKManager.swift; sourceTree = "<group>"; };
		545233DA2CDCA69D00F99979 /* ErrorManager.swift */ = {isa = PBXFileReference; lastKnownFileType = sourcecode.swift; path = ErrorManager.swift; sourceTree = "<group>"; };
		545233DC2CDCA6DD00F99979 /* PrintPro.swift */ = {isa = PBXFileReference; fileEncoding = 4; lastKnownFileType = sourcecode.swift; path = PrintPro.swift; sourceTree = "<group>"; };
		54A8B9012CC0F1540058A11F /* moda_digitalwallet_holder_sdk.framework */ = {isa = PBXFileReference; explicitFileType = wrapper.framework; includeInIndex = 0; path = moda_digitalwallet_holder_sdk.framework; sourceTree = BUILT_PRODUCTS_DIR; };
		54A8B9042CC0F1540058A11F /* moda_digitalwallet_holder_sdk.h */ = {isa = PBXFileReference; lastKnownFileType = sourcecode.c.h; path = moda_digitalwallet_holder_sdk.h; sourceTree = "<group>"; };
		54B5DDFF2D2BA629002AD3F9 /* PlatformDIDKey.swift */ = {isa = PBXFileReference; lastKnownFileType = sourcecode.swift; path = PlatformDIDKey.swift; sourceTree = "<group>"; };
		54BE97712CDDED5C00829A48 /* GeneralErrorMessages.swift */ = {isa = PBXFileReference; lastKnownFileType = sourcecode.swift; path = GeneralErrorMessages.swift; sourceTree = "<group>"; };
		54DEADAC2D9127D7001CF05E /* JWKComparer.swift */ = {isa = PBXFileReference; lastKnownFileType = sourcecode.swift; path = JWKComparer.swift; sourceTree = "<group>"; };
		54E67D7A2CC0F96D00EB241D /* moda_digitalwallet_holder_sdk.swift */ = {isa = PBXFileReference; lastKnownFileType = sourcecode.swift; path = moda_digitalwallet_holder_sdk.swift; sourceTree = "<group>"; };
		54EE44D32CC63B2F00A1A75E /* Data_Extension.swift */ = {isa = PBXFileReference; fileEncoding = 4; lastKnownFileType = sourcecode.swift; path = Data_Extension.swift; sourceTree = "<group>"; };
		54EE45442CC78AB200A1A75E /* String_Extension.swift */ = {isa = PBXFileReference; lastKnownFileType = sourcecode.swift; path = String_Extension.swift; sourceTree = "<group>"; };
		BDD98FAF2D3F8149008573AE /* Flutter.framework */ = {isa = PBXFileReference; lastKnownFileType = wrapper.framework; name = Flutter.framework; path = "moda-digitalwallet-holder-sdk/Flutter.framework"; sourceTree = "<group>"; };
/* End PBXFileReference section */

/* Begin PBXFrameworksBuildPhase section */
		54A8B8FE2CC0F1540058A11F /* Frameworks */ = {
			isa = PBXFrameworksBuildPhase;
			buildActionMask = 2147483647;
			files = (
				BDD98FB02D3F8149008573AE /* Flutter.framework in Frameworks */,
			);
			runOnlyForDeploymentPostprocessing = 0;
		};
/* End PBXFrameworksBuildPhase section */

/* Begin PBXGroup section */
		540FEEBF2CED95EA003EBB87 /* Frameworks */ = {
			isa = PBXGroup;
			children = (
				BDD98FAF2D3F8149008573AE /* Flutter.framework */,
			);
			name = Frameworks;
			sourceTree = "<group>";
		};
		54A8B8F72CC0F1540058A11F = {
			isa = PBXGroup;
			children = (
				54A8B9032CC0F1540058A11F /* moda-digitalwallet-holder-sdk */,
				54A8B9022CC0F1540058A11F /* Products */,
				540FEEBF2CED95EA003EBB87 /* Frameworks */,
			);
			sourceTree = "<group>";
		};
		54A8B9022CC0F1540058A11F /* Products */ = {
			isa = PBXGroup;
			children = (
				54A8B9012CC0F1540058A11F /* moda_digitalwallet_holder_sdk.framework */,
			);
			name = Products;
			sourceTree = "<group>";
		};
		54A8B9032CC0F1540058A11F /* moda-digitalwallet-holder-sdk */ = {
			isa = PBXGroup;
			children = (
				5450C97B2D7AF7AA004359E8 /* TokenSDKManager.swift */,
				54A8B9042CC0F1540058A11F /* moda_digitalwallet_holder_sdk.h */,
				54C6F1642ECD950F00FBFECC /* Utilities */,
				54E67D7A2CC0F96D00EB241D /* moda_digitalwallet_holder_sdk.swift */,
				540924C72D23D723002A8B9B /* ModaDidKey.swift */,
				54C6F1652ECD953F00FBFECC /* Implementations */,
				54C6F1662ECD956100FBFECC /* Errors */,
				54C6F1632ECD94EC00FBFECC /* Extensions */,
			);
			path = "moda-digitalwallet-holder-sdk";
			sourceTree = "<group>";
		};
		54C6F1632ECD94EC00FBFECC /* Extensions */ = {
			isa = PBXGroup;
			children = (
				54EE44D32CC63B2F00A1A75E /* Data_Extension.swift */,
				54EE45442CC78AB200A1A75E /* String_Extension.swift */,
			);
			path = Extensions;
			sourceTree = "<group>";
		};
		54C6F1642ECD950F00FBFECC /* Utilities */ = {
			isa = PBXGroup;
			children = (
				543F48AD2CFD977E008F08A6 /* FrameworkLoader.swift */,
				540B22902D34DFC700B20006 /* JWSCreator.swift */,
				54DEADAC2D9127D7001CF05E /* JWKComparer.swift */,
				545233DC2CDCA6DD00F99979 /* PrintPro.swift */,
			);
			path = Utilities;
			sourceTree = "<group>";
		};
		54C6F1652ECD953F00FBFECC /* Implementations */ = {
			isa = PBXGroup;
			children = (
				54B5DDFF2D2BA629002AD3F9 /* PlatformDIDKey.swift */,
			);
			path = Implementations;
			sourceTree = "<group>";
		};
		54C6F1662ECD956100FBFECC /* Errors */ = {
			isa = PBXGroup;
			children = (
				545233DA2CDCA69D00F99979 /* ErrorManager.swift */,
				54BE97712CDDED5C00829A48 /* GeneralErrorMessages.swift */,
			);
			path = Errors;
			sourceTree = "<group>";
		};
/* End PBXGroup section */

/* Begin PBXHeadersBuildPhase section */
		54A8B8FC2CC0F1540058A11F /* Headers */ = {
			isa = PBXHeadersBuildPhase;
			buildActionMask = 2147483647;
			files = (
				54A8B9052CC0F1540058A11F /* moda_digitalwallet_holder_sdk.h in Headers */,
			);
			runOnlyForDeploymentPostprocessing = 0;
		};
/* End PBXHeadersBuildPhase section */

/* Begin PBXNativeTarget section */
		54A8B9002CC0F1540058A11F /* moda-digitalwallet-holder-sdk */ = {
			isa = PBXNativeTarget;
			buildConfigurationList = 54A8B9082CC0F1540058A11F /* Build configuration list for PBXNativeTarget "moda-digitalwallet-holder-sdk" */;
			buildPhases = (
				54A8B8FC2CC0F1540058A11F /* Headers */,
				54A8B8FD2CC0F1540058A11F /* Sources */,
				54A8B8FE2CC0F1540058A11F /* Frameworks */,
				54A8B8FF2CC0F1540058A11F /* Resources */,
			);
			buildRules = (
			);
			dependencies = (
			);
			name = "moda-digitalwallet-holder-sdk";
			packageProductDependencies = (
			);
			productName = "moda-digitalwallet-holder-sdk";
			productReference = 54A8B9012CC0F1540058A11F /* moda_digitalwallet_holder_sdk.framework */;
			productType = "com.apple.product-type.framework";
		};
/* End PBXNativeTarget section */

/* Begin PBXProject section */
		54A8B8F82CC0F1540058A11F /* Project object */ = {
			isa = PBXProject;
			attributes = {
				BuildIndependentTargetsInParallel = 1;
				LastUpgradeCheck = 1540;
				TargetAttributes = {
					54A8B9002CC0F1540058A11F = {
						CreatedOnToolsVersion = 15.4;
						LastSwiftMigration = 1540;
					};
				};
			};
			buildConfigurationList = 54A8B8FB2CC0F1540058A11F /* Build configuration list for PBXProject "moda-digitalwallet-holder-sdk" */;
			compatibilityVersion = "Xcode 14.0";
			developmentRegion = en;
			hasScannedForEncodings = 0;
			knownRegions = (
				en,
				Base,
			);
			mainGroup = 54A8B8F72CC0F1540058A11F;
			packageReferences = (
			);
			productRefGroup = 54A8B9022CC0F1540058A11F /* Products */;
			projectDirPath = "";
			projectRoot = "";
			targets = (
				54A8B9002CC0F1540058A11F /* moda-digitalwallet-holder-sdk */,
			);
		};
/* End PBXProject section */

/* Begin PBXResourcesBuildPhase section */
		54A8B8FF2CC0F1540058A11F /* Resources */ = {
			isa = PBXResourcesBuildPhase;
			buildActionMask = 2147483647;
			files = (
			);
			runOnlyForDeploymentPostprocessing = 0;
		};
/* End PBXResourcesBuildPhase section */

/* Begin PBXSourcesBuildPhase section */
		54A8B8FD2CC0F1540058A11F /* Sources */ = {
			isa = PBXSourcesBuildPhase;
			buildActionMask = 2147483647;
			files = (
				54EE45452CC78AB200A1A75E /* String_Extension.swift in Sources */,
				545233DD2CDCA6DD00F99979 /* PrintPro.swift in Sources */,
				54DEADAD2D9127D7001CF05E /* JWKComparer.swift in Sources */,
				54E67D7B2CC0F96D00EB241D /* moda_digitalwallet_holder_sdk.swift in Sources */,
				5450C97C2D7AF7AA004359E8 /* TokenSDKManager.swift in Sources */,
				54EE44D42CC63B2F00A1A75E /* Data_Extension.swift in Sources */,
				54BE97722CDDED5C00829A48 /* GeneralErrorMessages.swift in Sources */,
				540924C82D23D723002A8B9B /* ModaDidKey.swift in Sources */,
				540B22912D34DFC700B20006 /* JWSCreator.swift in Sources */,
				543F48AE2CFD977E008F08A6 /* FrameworkLoader.swift in Sources */,
				54B5DE002D2BA629002AD3F9 /* PlatformDIDKey.swift in Sources */,
				545233DB2CDCA69D00F99979 /* ErrorManager.swift in Sources */,
			);
			runOnlyForDeploymentPostprocessing = 0;
		};
/* End PBXSourcesBuildPhase section */

/* Begin XCBuildConfiguration section */
		54A8B9062CC0F1540058A11F /* Debug */ = {
			isa = XCBuildConfiguration;
			buildSettings = {
				ALWAYS_SEARCH_USER_PATHS = NO;
				ASSETCATALOG_COMPILER_GENERATE_SWIFT_ASSET_SYMBOL_EXTENSIONS = YES;
				BUILD_LIBRARY_FOR_DISTRIBUTION = YES;
				CLANG_ANALYZER_NONNULL = YES;
				CLANG_ANALYZER_NUMBER_OBJECT_CONVERSION = YES_AGGRESSIVE;
				CLANG_CXX_LANGUAGE_STANDARD = "gnu++20";
				CLANG_ENABLE_MODULES = YES;
				CLANG_ENABLE_OBJC_ARC = YES;
				CLANG_ENABLE_OBJC_WEAK = YES;
				CLANG_WARN_BLOCK_CAPTURE_AUTORELEASING = YES;
				CLANG_WARN_BOOL_CONVERSION = YES;
				CLANG_WARN_COMMA = YES;
				CLANG_WARN_CONSTANT_CONVERSION = YES;
				CLANG_WARN_DEPRECATED_OBJC_IMPLEMENTATIONS = YES;
				CLANG_WARN_DIRECT_OBJC_ISA_USAGE = YES_ERROR;
				CLANG_WARN_DOCUMENTATION_COMMENTS = YES;
				CLANG_WARN_EMPTY_BODY = YES;
				CLANG_WARN_ENUM_CONVERSION = YES;
				CLANG_WARN_INFINITE_RECURSION = YES;
				CLANG_WARN_INT_CONVERSION = YES;
				CLANG_WARN_NON_LITERAL_NULL_CONVERSION = YES;
				CLANG_WARN_OBJC_IMPLICIT_RETAIN_SELF = YES;
				CLANG_WARN_OBJC_LITERAL_CONVERSION = YES;
				CLANG_WARN_OBJC_ROOT_CLASS = YES_ERROR;
				CLANG_WARN_QUOTED_INCLUDE_IN_FRAMEWORK_HEADER = YES;
				CLANG_WARN_RANGE_LOOP_ANALYSIS = YES;
				CLANG_WARN_STRICT_PROTOTYPES = YES;
				CLANG_WARN_SUSPICIOUS_MOVE = YES;
				CLANG_WARN_UNGUARDED_AVAILABILITY = YES_AGGRESSIVE;
				CLANG_WARN_UNREACHABLE_CODE = YES;
				CLANG_WARN__DUPLICATE_METHOD_MATCH = YES;
				COPY_PHASE_STRIP = NO;
				CURRENT_PROJECT_VERSION = 1;
				DEBUG_INFORMATION_FORMAT = dwarf;
				ENABLE_STRICT_OBJC_MSGSEND = YES;
				ENABLE_TESTABILITY = YES;
				ENABLE_USER_SCRIPT_SANDBOXING = YES;
				GCC_C_LANGUAGE_STANDARD = gnu17;
				GCC_DYNAMIC_NO_PIC = NO;
				GCC_NO_COMMON_BLOCKS = YES;
				GCC_OPTIMIZATION_LEVEL = 0;
				GCC_PREPROCESSOR_DEFINITIONS = (
					"DEBUG=1",
					"$(inherited)",
				);
				GCC_WARN_64_TO_32_BIT_CONVERSION = YES;
				GCC_WARN_ABOUT_RETURN_TYPE = YES_ERROR;
				GCC_WARN_UNDECLARED_SELECTOR = YES;
				GCC_WARN_UNINITIALIZED_AUTOS = YES_AGGRESSIVE;
				GCC_WARN_UNUSED_FUNCTION = YES;
				GCC_WARN_UNUSED_VARIABLE = YES;
				IPHONEOS_DEPLOYMENT_TARGET = 17.5;
				LOCALIZATION_PREFERS_STRING_CATALOGS = YES;
				MTL_ENABLE_DEBUG_INFO = INCLUDE_SOURCE;
				MTL_FAST_MATH = YES;
				ONLY_ACTIVE_ARCH = YES;
				SDKROOT = iphoneos;
				SWIFT_ACTIVE_COMPILATION_CONDITIONS = "DEBUG $(inherited)";
				SWIFT_OPTIMIZATION_LEVEL = "-Onone";
				VERSIONING_SYSTEM = "apple-generic";
				VERSION_INFO_PREFIX = "";
			};
			name = Debug;
		};
		54A8B9072CC0F1540058A11F /* Release */ = {
			isa = XCBuildConfiguration;
			buildSettings = {
				ALWAYS_SEARCH_USER_PATHS = NO;
				ASSETCATALOG_COMPILER_GENERATE_SWIFT_ASSET_SYMBOL_EXTENSIONS = YES;
				BUILD_LIBRARY_FOR_DISTRIBUTION = YES;
				CLANG_ANALYZER_NONNULL = YES;
				CLANG_ANALYZER_NUMBER_OBJECT_CONVERSION = YES_AGGRESSIVE;
				CLANG_CXX_LANGUAGE_STANDARD = "gnu++20";
				CLANG_ENABLE_MODULES = YES;
				CLANG_ENABLE_OBJC_ARC = YES;
				CLANG_ENABLE_OBJC_WEAK = YES;
				CLANG_WARN_BLOCK_CAPTURE_AUTORELEASING = YES;
				CLANG_WARN_BOOL_CONVERSION = YES;
				CLANG_WARN_COMMA = YES;
				CLANG_WARN_CONSTANT_CONVERSION = YES;
				CLANG_WARN_DEPRECATED_OBJC_IMPLEMENTATIONS = YES;
				CLANG_WARN_DIRECT_OBJC_ISA_USAGE = YES_ERROR;
				CLANG_WARN_DOCUMENTATION_COMMENTS = YES;
				CLANG_WARN_EMPTY_BODY = YES;
				CLANG_WARN_ENUM_CONVERSION = YES;
				CLANG_WARN_INFINITE_RECURSION = YES;
				CLANG_WARN_INT_CONVERSION = YES;
				CLANG_WARN_NON_LITERAL_NULL_CONVERSION = YES;
				CLANG_WARN_OBJC_IMPLICIT_RETAIN_SELF = YES;
				CLANG_WARN_OBJC_LITERAL_CONVERSION = YES;
				CLANG_WARN_OBJC_ROOT_CLASS = YES_ERROR;
				CLANG_WARN_QUOTED_INCLUDE_IN_FRAMEWORK_HEADER = YES;
				CLANG_WARN_RANGE_LOOP_ANALYSIS = YES;
				CLANG_WARN_STRICT_PROTOTYPES = YES;
				CLANG_WARN_SUSPICIOUS_MOVE = YES;
				CLANG_WARN_UNGUARDED_AVAILABILITY = YES_AGGRESSIVE;
				CLANG_WARN_UNREACHABLE_CODE = YES;
				CLANG_WARN__DUPLICATE_METHOD_MATCH = YES;
				COPY_PHASE_STRIP = NO;
				CURRENT_PROJECT_VERSION = 1;
				DEBUG_INFORMATION_FORMAT = "dwarf-with-dsym";
				ENABLE_NS_ASSERTIONS = NO;
				ENABLE_STRICT_OBJC_MSGSEND = YES;
				ENABLE_USER_SCRIPT_SANDBOXING = YES;
				GCC_C_LANGUAGE_STANDARD = gnu17;
				GCC_NO_COMMON_BLOCKS = YES;
				GCC_WARN_64_TO_32_BIT_CONVERSION = YES;
				GCC_WARN_ABOUT_RETURN_TYPE = YES_ERROR;
				GCC_WARN_UNDECLARED_SELECTOR = YES;
				GCC_WARN_UNINITIALIZED_AUTOS = YES_AGGRESSIVE;
				GCC_WARN_UNUSED_FUNCTION = YES;
				GCC_WARN_UNUSED_VARIABLE = YES;
				IPHONEOS_DEPLOYMENT_TARGET = 17.5;
				LOCALIZATION_PREFERS_STRING_CATALOGS = YES;
				MTL_ENABLE_DEBUG_INFO = NO;
				MTL_FAST_MATH = YES;
				SDKROOT = iphoneos;
				SWIFT_COMPILATION_MODE = wholemodule;
				VALIDATE_PRODUCT = YES;
				VERSIONING_SYSTEM = "apple-generic";
				VERSION_INFO_PREFIX = "";
			};
			name = Release;
		};
		54A8B9092CC0F1540058A11F /* Debug */ = {
			isa = XCBuildConfiguration;
			buildSettings = {
				BUILD_LIBRARY_FOR_DISTRIBUTION = YES;
				CLANG_ENABLE_MODULES = YES;
				CODE_SIGN_STYLE = Automatic;
				CURRENT_PROJECT_VERSION = 1;
				DEFINES_MODULE = YES;
				DEPLOYMENT_POSTPROCESSING = YES;
				DEVELOPMENT_TEAM = "";
				DYLIB_COMPATIBILITY_VERSION = 1;
				DYLIB_CURRENT_VERSION = 1;
				DYLIB_INSTALL_NAME_BASE = "@rpath";
				ENABLE_MODULE_VERIFIER = YES;
				FRAMEWORK_SEARCH_PATHS = (
					"$(inherited)",
					"$(PROJECT_DIR)/moda-digitalwallet-holder-sdk",
				);
				GENERATE_INFOPLIST_FILE = YES;
				INFOPLIST_KEY_NSHumanReadableCopyright = "";
				INSTALL_PATH = "$(LOCAL_LIBRARY_DIR)/Frameworks";
				IPHONEOS_DEPLOYMENT_TARGET = 15.0;
				LD_RUNPATH_SEARCH_PATHS = (
					"$(inherited)",
					"@executable_path/Frameworks",
					"@loader_path/Frameworks",
				);
				MARKETING_VERSION = 1.0.0;
				MODULE_VERIFIER_SUPPORTED_LANGUAGES = "objective-c objective-c++";
				MODULE_VERIFIER_SUPPORTED_LANGUAGE_STANDARDS = "gnu17 gnu++20";
				PRODUCT_BUNDLE_IDENTIFIER = com.digitalwallet.holder.sdk;
				PRODUCT_NAME = "$(TARGET_NAME:c99extidentifier)";
				SKIP_INSTALL = NO;
				SUPPORTS_MACCATALYST = NO;
				SWIFT_EMIT_LOC_STRINGS = YES;
				SWIFT_INSTALL_OBJC_HEADER = NO;
				SWIFT_OPTIMIZATION_LEVEL = "-Onone";
				SWIFT_VERSION = 5.0;
				TARGETED_DEVICE_FAMILY = "1,2";
			};
			name = Debug;
		};
		54A8B90A2CC0F1540058A11F /* Release */ = {
			isa = XCBuildConfiguration;
			buildSettings = {
				BUILD_LIBRARY_FOR_DISTRIBUTION = YES;
				CLANG_ENABLE_MODULES = YES;
				CODE_SIGN_STYLE = Automatic;
				CURRENT_PROJECT_VERSION = 1;
				DEFINES_MODULE = YES;
				DEPLOYMENT_POSTPROCESSING = YES;
				DEVELOPMENT_TEAM = "";
				DYLIB_COMPATIBILITY_VERSION = 1;
				DYLIB_CURRENT_VERSION = 1;
				DYLIB_INSTALL_NAME_BASE = "@rpath";
				ENABLE_MODULE_VERIFIER = YES;
				FRAMEWORK_SEARCH_PATHS = (
					"$(inherited)",
					"$(PROJECT_DIR)/moda-digitalwallet-holder-sdk",
				);
				GENERATE_INFOPLIST_FILE = YES;
				INFOPLIST_KEY_NSHumanReadableCopyright = "";
				INSTALL_PATH = "$(LOCAL_LIBRARY_DIR)/Frameworks";
				IPHONEOS_DEPLOYMENT_TARGET = 15.0;
				LD_RUNPATH_SEARCH_PATHS = (
					"$(inherited)",
					"@executable_path/Frameworks",
					"@loader_path/Frameworks",
				);
				MARKETING_VERSION = 1.0.0;
				MODULE_VERIFIER_SUPPORTED_LANGUAGES = "objective-c objective-c++";
				MODULE_VERIFIER_SUPPORTED_LANGUAGE_STANDARDS = "gnu17 gnu++20";
				PRODUCT_BUNDLE_IDENTIFIER = com.digitalwallet.holder.sdk;
				PRODUCT_NAME = "$(TARGET_NAME:c99extidentifier)";
				SKIP_INSTALL = NO;
				SUPPORTS_MACCATALYST = NO;
				SWIFT_EMIT_LOC_STRINGS = YES;
				SWIFT_INSTALL_OBJC_HEADER = NO;
				SWIFT_VERSION = 5.0;
				TARGETED_DEVICE_FAMILY = "1,2";
			};
			name = Release;
		};
/* End XCBuildConfiguration section */

/* Begin XCConfigurationList section */
		54A8B8FB2CC0F1540058A11F /* Build configuration list for PBXProject "moda-digitalwallet-holder-sdk" */ = {
			isa = XCConfigurationList;
			buildConfigurations = (
				54A8B9062CC0F1540058A11F /* Debug */,
				54A8B9072CC0F1540058A11F /* Release */,
			);
			defaultConfigurationIsVisible = 0;
			defaultConfigurationName = Release;
		};
		54A8B9082CC0F1540058A11F /* Build configuration list for PBXNativeTarget "moda-digitalwallet-holder-sdk" */ = {
			isa = XCConfigurationList;
			buildConfigurations = (
				54A8B9092CC0F1540058A11F /* Debug */,
				54A8B90A2CC0F1540058A11F /* Release */,
			);
			defaultConfigurationIsVisible = 0;
			defaultConfigurationName = Release;
		};
/* End XCConfigurationList section */
	};
	rootObject = 54A8B8F82CC0F1540058A11F /* Project object */;
}
